PODS:
  - box-ios-sdk (1.0.13):
    - box-ios-sdk/logger (= 1.0.13)
    - box-ios-sdk/no-arc (= 1.0.13)
  - box-ios-sdk/logger (1.0.13)
  - box-ios-sdk/no-arc (1.0.13):
    - box-ios-sdk/logger

DEPENDENCIES:
  - box-ios-sdk (from `git@github.com:box/box-ios-sdk.git`)

EXTERNAL SOURCES:
  box-ios-sdk:
    :git: git@github.com:box/box-ios-sdk.git

CHECKOUT OPTIONS:
  box-ios-sdk:
    :commit: 590ddc67166197085cb3c61374442eca171d7dec
    :git: git@github.com:box/box-ios-sdk.git

SPEC CHECKSUMS:
  box-ios-sdk: fe2af3f53d4958919195a00a2d281aa29857943c

PODFILE CHECKSUM: 6905db6960ffe8e3ef770ce430f1c3b037b5a50a

COCOAPODS: 1.0.1
