PODS:
  - box-ios-sdk (1.0.13):
    - box-ios-sdk/logger (= 1.0.13)
    - box-ios-sdk/no-arc (= 1.0.13)
  - box-ios-sdk/logger (1.0.13)
  - box-ios-sdk/no-arc (1.0.13):
    - box-ios-sdk/logger
  - ReachabilitySwift (2.3.3)

DEPENDENCIES:
  - box-ios-sdk (from `git@github.com:box/box-ios-sdk.git`)
  - ReachabilitySwift

EXTERNAL SOURCES:
  box-ios-sdk:
    :git: git@github.com:box/box-ios-sdk.git

CHECKOUT OPTIONS:
  box-ios-sdk:
    :commit: 590ddc67166197085cb3c61374442eca171d7dec
    :git: git@github.com:box/box-ios-sdk.git

SPEC CHECKSUMS:
  box-ios-sdk: fe2af3f53d4958919195a00a2d281aa29857943c
  ReachabilitySwift: e0f6b6f280effb47731acfaaa2d5ffe223703793

PODFILE CHECKSUM: 4453138fd6d67d7ae06a2e8f44bb018d75490e77

COCOAPODS: 1.0.1
