// !$*UTF8*$!
{
	archiveVersion = 1;
	classes = {
	};
	objectVersion = 46;
	objects = {

/* Begin PBXBuildFile section */
		A0B4C8A20CCE002055A6C5A3 /* Pods_FoodPhoto.framework in Frameworks */ = {isa = PBXBuildFile; fileRef = BA0BFA6174E946A8B2B36C69 /* Pods_FoodPhoto.framework */; };
		BF0B98EE1D7E766F00BE99E9 /* Config.swift in Sources */ = {isa = PBXBuildFile; fileRef = BF0B98ED1D7E766F00BE99E9 /* Config.swift */; };
		BF0B98F21D85CBEF00BE99E9 /* AboutController.swift in Sources */ = {isa = PBXBuildFile; fileRef = BF0B98F11D85CBEF00BE99E9 /* AboutController.swift */; };
		BFEBA0C41D63FED60043710E /* AppDelegate.swift in Sources */ = {isa = PBXBuildFile; fileRef = BFEBA0C31D63FED60043710E /* AppDelegate.swift */; };
		BFEBA0C61D63FED60043710E /* RecordController.swift in Sources */ = {isa = PBXBuildFile; fileRef = BFEBA0C51D63FED60043710E /* RecordController.swift */; };
		BFEBA0C81D63FED60043710E /* SyncController.swift in Sources */ = {isa = PBXBuildFile; fileRef = BFEBA0C71D63FED60043710E /* SyncController.swift */; };
		BFEBA0CB1D63FED60043710E /* Main.storyboard in Resources */ = {isa = PBXBuildFile; fileRef = BFEBA0C91D63FED60043710E /* Main.storyboard */; };
		BFEBA0CD1D63FED60043710E /* Assets.xcassets in Resources */ = {isa = PBXBuildFile; fileRef = BFEBA0CC1D63FED60043710E /* Assets.xcassets */; };
		BFEBA0D01D63FED60043710E /* LaunchScreen.storyboard in Resources */ = {isa = PBXBuildFile; fileRef = BFEBA0CE1D63FED60043710E /* LaunchScreen.storyboard */; };
/* End PBXBuildFile section */

/* Begin PBXFileReference section */
		69C5EA99E6647918EEEA9957 /* Pods-FoodPhoto.debug.xcconfig */ = {isa = PBXFileReference; includeInIndex = 1; lastKnownFileType = text.xcconfig; name = "Pods-FoodPhoto.debug.xcconfig"; path = "Pods/Target Support Files/Pods-FoodPhoto/Pods-FoodPhoto.debug.xcconfig"; sourceTree = "<group>"; };
		8E1E213F171738C31034F6E4 /* Pods-FoodPhoto.release.xcconfig */ = {isa = PBXFileReference; includeInIndex = 1; lastKnownFileType = text.xcconfig; name = "Pods-FoodPhoto.release.xcconfig"; path = "Pods/Target Support Files/Pods-FoodPhoto/Pods-FoodPhoto.release.xcconfig"; sourceTree = "<group>"; };
		BA0BFA6174E946A8B2B36C69 /* Pods_FoodPhoto.framework */ = {isa = PBXFileReference; explicitFileType = wrapper.framework; includeInIndex = 0; path = Pods_FoodPhoto.framework; sourceTree = BUILT_PRODUCTS_DIR; };
		BF0B98ED1D7E766F00BE99E9 /* Config.swift */ = {isa = PBXFileReference; fileEncoding = 4; lastKnownFileType = sourcecode.swift; path = Config.swift; sourceTree = "<group>"; };
		BF0B98F11D85CBEF00BE99E9 /* AboutController.swift */ = {isa = PBXFileReference; fileEncoding = 4; lastKnownFileType = sourcecode.swift; path = AboutController.swift; sourceTree = "<group>"; };
		BFEBA0C01D63FED60043710E /* FoodPhoto.app */ = {isa = PBXFileReference; explicitFileType = wrapper.application; includeInIndex = 0; path = FoodPhoto.app; sourceTree = BUILT_PRODUCTS_DIR; };
		BFEBA0C31D63FED60043710E /* AppDelegate.swift */ = {isa = PBXFileReference; lastKnownFileType = sourcecode.swift; path = AppDelegate.swift; sourceTree = "<group>"; };
		BFEBA0C51D63FED60043710E /* RecordController.swift */ = {isa = PBXFileReference; lastKnownFileType = sourcecode.swift; path = RecordController.swift; sourceTree = "<group>"; };
		BFEBA0C71D63FED60043710E /* SyncController.swift */ = {isa = PBXFileReference; lastKnownFileType = sourcecode.swift; path = SyncController.swift; sourceTree = "<group>"; };
		BFEBA0CA1D63FED60043710E /* Base */ = {isa = PBXFileReference; lastKnownFileType = file.storyboard; name = Base; path = Base.lproj/Main.storyboard; sourceTree = "<group>"; };
		BFEBA0CC1D63FED60043710E /* Assets.xcassets */ = {isa = PBXFileReference; lastKnownFileType = folder.assetcatalog; path = Assets.xcassets; sourceTree = "<group>"; };
		BFEBA0CF1D63FED60043710E /* Base */ = {isa = PBXFileReference; lastKnownFileType = file.storyboard; name = Base; path = Base.lproj/LaunchScreen.storyboard; sourceTree = "<group>"; };
		BFEBA0D11D63FED60043710E /* Info.plist */ = {isa = PBXFileReference; lastKnownFileType = text.plist.xml; path = Info.plist; sourceTree = "<group>"; };
/* End PBXFileReference section */

/* Begin PBXFrameworksBuildPhase section */
		BFEBA0BD1D63FED60043710E /* Frameworks */ = {
			isa = PBXFrameworksBuildPhase;
			buildActionMask = 2147483647;
			files = (
				A0B4C8A20CCE002055A6C5A3 /* Pods_FoodPhoto.framework in Frameworks */,
			);
			runOnlyForDeploymentPostprocessing = 0;
		};
/* End PBXFrameworksBuildPhase section */

/* Begin PBXGroup section */
		24423332CAFB65ED04B8991C /* Pods */ = {
			isa = PBXGroup;
			children = (
				69C5EA99E6647918EEEA9957 /* Pods-FoodPhoto.debug.xcconfig */,
				8E1E213F171738C31034F6E4 /* Pods-FoodPhoto.release.xcconfig */,
			);
			name = Pods;
			sourceTree = "<group>";
		};
		244503A4A403C08DF61C2E53 /* Frameworks */ = {
			isa = PBXGroup;
			children = (
				BA0BFA6174E946A8B2B36C69 /* Pods_FoodPhoto.framework */,
			);
			name = Frameworks;
			sourceTree = "<group>";
		};
		BFEBA0B71D63FED60043710E = {
			isa = PBXGroup;
			children = (
				BFEBA0C21D63FED60043710E /* FoodPhoto */,
				BFEBA0C11D63FED60043710E /* Products */,
				24423332CAFB65ED04B8991C /* Pods */,
				244503A4A403C08DF61C2E53 /* Frameworks */,
			);
			sourceTree = "<group>";
		};
		BFEBA0C11D63FED60043710E /* Products */ = {
			isa = PBXGroup;
			children = (
				BFEBA0C01D63FED60043710E /* FoodPhoto.app */,
			);
			name = Products;
			sourceTree = "<group>";
		};
		BFEBA0C21D63FED60043710E /* FoodPhoto */ = {
			isa = PBXGroup;
			children = (
				BF0B98ED1D7E766F00BE99E9 /* Config.swift */,
				BFEBA0C31D63FED60043710E /* AppDelegate.swift */,
				BFEBA0C51D63FED60043710E /* RecordController.swift */,
				BFEBA0C71D63FED60043710E /* SyncController.swift */,
				BFEBA0C91D63FED60043710E /* Main.storyboard */,
				BF0B98F11D85CBEF00BE99E9 /* AboutController.swift */,
				BFEBA0CC1D63FED60043710E /* Assets.xcassets */,
				BFEBA0CE1D63FED60043710E /* LaunchScreen.storyboard */,
				BFEBA0D11D63FED60043710E /* Info.plist */,
			);
			path = FoodPhoto;
			sourceTree = "<group>";
		};
/* End PBXGroup section */

/* Begin PBXNativeTarget section */
		BFEBA0BF1D63FED60043710E /* FoodPhoto */ = {
			isa = PBXNativeTarget;
			buildConfigurationList = BFEBA0D41D63FED60043710E /* Build configuration list for PBXNativeTarget "FoodPhoto" */;
			buildPhases = (
				BEF23391658EFC8EEF3C9032 /* [CP] Check Pods Manifest.lock */,
				BFEBA0BC1D63FED60043710E /* Sources */,
				BFEBA0BD1D63FED60043710E /* Frameworks */,
				BFEBA0BE1D63FED60043710E /* Resources */,
				72B869E71259A16472F89AF3 /* [CP] Embed Pods Frameworks */,
				A0963CA3E14BA9C6D7FA69C0 /* [CP] Copy Pods Resources */,
			);
			buildRules = (
			);
			dependencies = (
			);
			name = FoodPhoto;
			productName = FoodPhoto;
			productReference = BFEBA0C01D63FED60043710E /* FoodPhoto.app */;
			productType = "com.apple.product-type.application";
		};
/* End PBXNativeTarget section */

/* Begin PBXProject section */
		BFEBA0B81D63FED60043710E /* Project object */ = {
			isa = PBXProject;
			attributes = {
				LastSwiftUpdateCheck = 0730;
				LastUpgradeCheck = 0730;
				ORGANIZATIONNAME = "Utah State University";
				TargetAttributes = {
					BFEBA0BF1D63FED60043710E = {
						CreatedOnToolsVersion = 7.3.1;
						DevelopmentTeam = 5GVCJ4B5ZU;
					};
				};
			};
			buildConfigurationList = BFEBA0BB1D63FED60043710E /* Build configuration list for PBXProject "FoodPhoto" */;
			compatibilityVersion = "Xcode 3.2";
			developmentRegion = English;
			hasScannedForEncodings = 0;
			knownRegions = (
				en,
				Base,
			);
			mainGroup = BFEBA0B71D63FED60043710E;
			productRefGroup = BFEBA0C11D63FED60043710E /* Products */;
			projectDirPath = "";
			projectRoot = "";
			targets = (
				BFEBA0BF1D63FED60043710E /* FoodPhoto */,
			);
		};
/* End PBXProject section */

/* Begin PBXResourcesBuildPhase section */
		BFEBA0BE1D63FED60043710E /* Resources */ = {
			isa = PBXResourcesBuildPhase;
			buildActionMask = 2147483647;
			files = (
				BFEBA0D01D63FED60043710E /* LaunchScreen.storyboard in Resources */,
				BFEBA0CD1D63FED60043710E /* Assets.xcassets in Resources */,
				BFEBA0CB1D63FED60043710E /* Main.storyboard in Resources */,
			);
			runOnlyForDeploymentPostprocessing = 0;
		};
/* End PBXResourcesBuildPhase section */

/* Begin PBXShellScriptBuildPhase section */
		72B869E71259A16472F89AF3 /* [CP] Embed Pods Frameworks */ = {
			isa = PBXShellScriptBuildPhase;
			buildActionMask = 2147483647;
			files = (
			);
			inputPaths = (
			);
			name = "[CP] Embed Pods Frameworks";
			outputPaths = (
			);
			runOnlyForDeploymentPostprocessing = 0;
			shellPath = /bin/sh;
			shellScript = "\"${SRCROOT}/Pods/Target Support Files/Pods-FoodPhoto/Pods-FoodPhoto-frameworks.sh\"\n";
			showEnvVarsInLog = 0;
		};
		A0963CA3E14BA9C6D7FA69C0 /* [CP] Copy Pods Resources */ = {
			isa = PBXShellScriptBuildPhase;
			buildActionMask = 2147483647;
			files = (
			);
			inputPaths = (
			);
			name = "[CP] Copy Pods Resources";
			outputPaths = (
			);
			runOnlyForDeploymentPostprocessing = 0;
			shellPath = /bin/sh;
			shellScript = "\"${SRCROOT}/Pods/Target Support Files/Pods-FoodPhoto/Pods-FoodPhoto-resources.sh\"\n";
			showEnvVarsInLog = 0;
		};
		BEF23391658EFC8EEF3C9032 /* [CP] Check Pods Manifest.lock */ = {
			isa = PBXShellScriptBuildPhase;
			buildActionMask = 2147483647;
			files = (
			);
			inputPaths = (
			);
			name = "[CP] Check Pods Manifest.lock";
			outputPaths = (
			);
			runOnlyForDeploymentPostprocessing = 0;
			shellPath = /bin/sh;
			shellScript = "diff \"${PODS_ROOT}/../Podfile.lock\" \"${PODS_ROOT}/Manifest.lock\" > /dev/null\nif [[ $? != 0 ]] ; then\n    cat << EOM\nerror: The sandbox is not in sync with the Podfile.lock. Run 'pod install' or update your CocoaPods installation.\nEOM\n    exit 1\nfi\n";
			showEnvVarsInLog = 0;
		};
/* End PBXShellScriptBuildPhase section */

/* Begin PBXSourcesBuildPhase section */
		BFEBA0BC1D63FED60043710E /* Sources */ = {
			isa = PBXSourcesBuildPhase;
			buildActionMask = 2147483647;
			files = (
				BFEBA0C81D63FED60043710E /* SyncController.swift in Sources */,
				BF0B98F21D85CBEF00BE99E9 /* AboutController.swift in Sources */,
				BF0B98EE1D7E766F00BE99E9 /* Config.swift in Sources */,
				BFEBA0C41D63FED60043710E /* AppDelegate.swift in Sources */,
				BFEBA0C61D63FED60043710E /* RecordController.swift in Sources */,
			);
			runOnlyForDeploymentPostprocessing = 0;
		};
/* End PBXSourcesBuildPhase section */

/* Begin PBXVariantGroup section */
		BFEBA0C91D63FED60043710E /* Main.storyboard */ = {
			isa = PBXVariantGroup;
			children = (
				BFEBA0CA1D63FED60043710E /* Base */,
			);
			name = Main.storyboard;
			sourceTree = "<group>";
		};
		BFEBA0CE1D63FED60043710E /* LaunchScreen.storyboard */ = {
			isa = PBXVariantGroup;
			children = (
				BFEBA0CF1D63FED60043710E /* Base */,
			);
			name = LaunchScreen.storyboard;
			sourceTree = "<group>";
		};
/* End PBXVariantGroup section */

/* Begin XCBuildConfiguration section */
		BFEBA0D21D63FED60043710E /* Debug */ = {
			isa = XCBuildConfiguration;
			buildSettings = {
				ALWAYS_SEARCH_USER_PATHS = NO;
				CLANG_ANALYZER_NONNULL = YES;
				CLANG_CXX_LANGUAGE_STANDARD = "gnu++0x";
				CLANG_CXX_LIBRARY = "libc++";
				CLANG_ENABLE_MODULES = YES;
				CLANG_ENABLE_OBJC_ARC = YES;
				CLANG_WARN_BOOL_CONVERSION = YES;
				CLANG_WARN_CONSTANT_CONVERSION = YES;
				CLANG_WARN_DIRECT_OBJC_ISA_USAGE = YES_ERROR;
				CLANG_WARN_EMPTY_BODY = YES;
				CLANG_WARN_ENUM_CONVERSION = YES;
				CLANG_WARN_INT_CONVERSION = YES;
				CLANG_WARN_OBJC_ROOT_CLASS = YES_ERROR;
				CLANG_WARN_UNREACHABLE_CODE = YES;
				CLANG_WARN__DUPLICATE_METHOD_MATCH = YES;
				"CODE_SIGN_IDENTITY[sdk=iphoneos*]" = "iPhone Developer";
				COPY_PHASE_STRIP = NO;
				DEBUG_INFORMATION_FORMAT = dwarf;
				ENABLE_STRICT_OBJC_MSGSEND = YES;
				ENABLE_TESTABILITY = YES;
				GCC_C_LANGUAGE_STANDARD = gnu99;
				GCC_DYNAMIC_NO_PIC = NO;
				GCC_NO_COMMON_BLOCKS = YES;
				GCC_OPTIMIZATION_LEVEL = 0;
				GCC_PREPROCESSOR_DEFINITIONS = (
					"DEBUG=1",
					"$(inherited)",
				);
				GCC_WARN_64_TO_32_BIT_CONVERSION = YES;
				GCC_WARN_ABOUT_RETURN_TYPE = YES_ERROR;
				GCC_WARN_UNDECLARED_SELECTOR = YES;
				GCC_WARN_UNINITIALIZED_AUTOS = YES_AGGRESSIVE;
				GCC_WARN_UNUSED_FUNCTION = YES;
				GCC_WARN_UNUSED_VARIABLE = YES;
				IPHONEOS_DEPLOYMENT_TARGET = 9.3;
				MTL_ENABLE_DEBUG_INFO = YES;
				ONLY_ACTIVE_ARCH = YES;
				SDKROOT = iphoneos;
				SWIFT_OPTIMIZATION_LEVEL = "-Onone";
				TARGETED_DEVICE_FAMILY = "1,2";
			};
			name = Debug;
		};
		BFEBA0D31D63FED60043710E /* Release */ = {
			isa = XCBuildConfiguration;
			buildSettings = {
				ALWAYS_SEARCH_USER_PATHS = NO;
				CLANG_ANALYZER_NONNULL = YES;
				CLANG_CXX_LANGUAGE_STANDARD = "gnu++0x";
				CLANG_CXX_LIBRARY = "libc++";
				CLANG_ENABLE_MODULES = YES;
				CLANG_ENABLE_OBJC_ARC = YES;
				CLANG_WARN_BOOL_CONVERSION = YES;
				CLANG_WARN_CONSTANT_CONVERSION = YES;
				CLANG_WARN_DIRECT_OBJC_ISA_USAGE = YES_ERROR;
				CLANG_WARN_EMPTY_BODY = YES;
				CLANG_WARN_ENUM_CONVERSION = YES;
				CLANG_WARN_INT_CONVERSION = YES;
				CLANG_WARN_OBJC_ROOT_CLASS = YES_ERROR;
				CLANG_WARN_UNREACHABLE_CODE = YES;
				CLANG_WARN__DUPLICATE_METHOD_MATCH = YES;
				"CODE_SIGN_IDENTITY[sdk=iphoneos*]" = "iPhone Developer";
				COPY_PHASE_STRIP = NO;
				DEBUG_INFORMATION_FORMAT = "dwarf-with-dsym";
				ENABLE_NS_ASSERTIONS = NO;
				ENABLE_STRICT_OBJC_MSGSEND = YES;
				GCC_C_LANGUAGE_STANDARD = gnu99;
				GCC_NO_COMMON_BLOCKS = YES;
				GCC_WARN_64_TO_32_BIT_CONVERSION = YES;
				GCC_WARN_ABOUT_RETURN_TYPE = YES_ERROR;
				GCC_WARN_UNDECLARED_SELECTOR = YES;
				GCC_WARN_UNINITIALIZED_AUTOS = YES_AGGRESSIVE;
				GCC_WARN_UNUSED_FUNCTION = YES;
				GCC_WARN_UNUSED_VARIABLE = YES;
				IPHONEOS_DEPLOYMENT_TARGET = 9.3;
				MTL_ENABLE_DEBUG_INFO = NO;
				SDKROOT = iphoneos;
				TARGETED_DEVICE_FAMILY = "1,2";
				VALIDATE_PRODUCT = YES;
			};
			name = Release;
		};
		BFEBA0D51D63FED60043710E /* Debug */ = {
			isa = XCBuildConfiguration;
			baseConfigurationReference = 69C5EA99E6647918EEEA9957 /* Pods-FoodPhoto.debug.xcconfig */;
			buildSettings = {
				ASSETCATALOG_COMPILER_APPICON_NAME = AppIcon;
				CODE_SIGN_IDENTITY = "iPhone Developer";
				INFOPLIST_FILE = FoodPhoto/Info.plist;
				LD_RUNPATH_SEARCH_PATHS = "$(inherited) @executable_path/Frameworks";
				PRODUCT_BUNDLE_IDENTIFIER = edu.usu.ndfs.FoodPhoto;
				PRODUCT_NAME = "$(TARGET_NAME)";
				PROVISIONING_PROFILE = "69edc442-c4f5-400a-b4a0-0aed6ed395bb";
			};
			name = Debug;
		};
		BFEBA0D61D63FED60043710E /* Release */ = {
			isa = XCBuildConfiguration;
			baseConfigurationReference = 8E1E213F171738C31034F6E4 /* Pods-FoodPhoto.release.xcconfig */;
			buildSettings = {
				ASSETCATALOG_COMPILER_APPICON_NAME = AppIcon;
				CODE_SIGN_IDENTITY = "iPhone Developer";
				INFOPLIST_FILE = FoodPhoto/Info.plist;
				LD_RUNPATH_SEARCH_PATHS = "$(inherited) @executable_path/Frameworks";
				PRODUCT_BUNDLE_IDENTIFIER = edu.usu.ndfs.FoodPhoto;
				PRODUCT_NAME = "$(TARGET_NAME)";
				PROVISIONING_PROFILE = "69edc442-c4f5-400a-b4a0-0aed6ed395bb";
			};
			name = Release;
		};
/* End XCBuildConfiguration section */

/* Begin XCConfigurationList section */
		BFEBA0BB1D63FED60043710E /* Build configuration list for PBXProject "FoodPhoto" */ = {
			isa = XCConfigurationList;
			buildConfigurations = (
				BFEBA0D21D63FED60043710E /* Debug */,
				BFEBA0D31D63FED60043710E /* Release */,
			);
			defaultConfigurationIsVisible = 0;
			defaultConfigurationName = Release;
		};
		BFEBA0D41D63FED60043710E /* Build configuration list for PBXNativeTarget "FoodPhoto" */ = {
			isa = XCConfigurationList;
			buildConfigurations = (
				BFEBA0D51D63FED60043710E /* Debug */,
				BFEBA0D61D63FED60043710E /* Release */,
			);
			defaultConfigurationIsVisible = 0;
			defaultConfigurationName = Release;
		};
/* End XCConfigurationList section */
	};
	rootObject = BFEBA0B81D63FED60043710E /* Project object */;
}
